// !$*UTF8*$!
{
	archiveVersion = 1;
	classes = {
	};
	objectVersion = 46;
	objects = {

/* Begin PBXBuildFile section */
		0E9F767E1DF1D54C00B61F59 /* SoccerBackground.jpg in Resources */ = {isa = PBXBuildFile; fileRef = 0E9F767D1DF1D54C00B61F59 /* SoccerBackground.jpg */; };
		0E9F76801DF1DD7500B61F59 /* TabPlayersIcon.jpg in Resources */ = {isa = PBXBuildFile; fileRef = 0E9F767F1DF1DD7500B61F59 /* TabPlayersIcon.jpg */; };
		0E9F76821DF1E89C00B61F59 /* blankPlayer.png in Resources */ = {isa = PBXBuildFile; fileRef = 0E9F76811DF1E89C00B61F59 /* blankPlayer.png */; };
		1E4CE7E01DEA1373009BBAA2 /* AppDelegate.swift in Sources */ = {isa = PBXBuildFile; fileRef = 1E4CE7DF1DEA1373009BBAA2 /* AppDelegate.swift */; };
		1E4CE7E21DEA1373009BBAA2 /* UserViewController.swift in Sources */ = {isa = PBXBuildFile; fileRef = 1E4CE7E11DEA1373009BBAA2 /* UserViewController.swift */; };
		1E4CE7E51DEA1373009BBAA2 /* Main.storyboard in Resources */ = {isa = PBXBuildFile; fileRef = 1E4CE7E31DEA1373009BBAA2 /* Main.storyboard */; };
		1E4CE7E81DEA1373009BBAA2 /* Soccer_App.xcdatamodeld in Sources */ = {isa = PBXBuildFile; fileRef = 1E4CE7E61DEA1373009BBAA2 /* Soccer_App.xcdatamodeld */; };
		1E4CE7EA1DEA1373009BBAA2 /* Assets.xcassets in Resources */ = {isa = PBXBuildFile; fileRef = 1E4CE7E91DEA1373009BBAA2 /* Assets.xcassets */; };
		1E4CE7ED1DEA1373009BBAA2 /* LaunchScreen.storyboard in Resources */ = {isa = PBXBuildFile; fileRef = 1E4CE7EB1DEA1373009BBAA2 /* LaunchScreen.storyboard */; };
		1E4CE7F51DEA27C7009BBAA2 /* GamesViewController.swift in Sources */ = {isa = PBXBuildFile; fileRef = 1E4CE7F41DEA27C7009BBAA2 /* GamesViewController.swift */; };
		7B07856B1DEE8EF900E413F2 /* Game.swift in Sources */ = {isa = PBXBuildFile; fileRef = 7B07856A1DEE8EF900E413F2 /* Game.swift */; };
		7B07856D1DEE97D300E413F2 /* GamesDatabase.swift in Sources */ = {isa = PBXBuildFile; fileRef = 7B07856C1DEE97D300E413F2 /* GamesDatabase.swift */; };
		7B07856F1DF2223D00E413F2 /* GameDetailViewController.swift in Sources */ = {isa = PBXBuildFile; fileRef = 7B07856E1DF2223D00E413F2 /* GameDetailViewController.swift */; };
		7B0785711DF24C6D00E413F2 /* AddGameViewController.swift in Sources */ = {isa = PBXBuildFile; fileRef = 7B0785701DF24C6D00E413F2 /* AddGameViewController.swift */; };
/* End PBXBuildFile section */

/* Begin PBXFileReference section */
		0E9F767D1DF1D54C00B61F59 /* SoccerBackground.jpg */ = {isa = PBXFileReference; lastKnownFileType = image.jpeg; path = SoccerBackground.jpg; sourceTree = "<group>"; };
		0E9F767F1DF1DD7500B61F59 /* TabPlayersIcon.jpg */ = {isa = PBXFileReference; lastKnownFileType = image.jpeg; path = TabPlayersIcon.jpg; sourceTree = "<group>"; };
		0E9F76811DF1E89C00B61F59 /* blankPlayer.png */ = {isa = PBXFileReference; lastKnownFileType = image.png; path = blankPlayer.png; sourceTree = "<group>"; };
		1E4CE7DC1DEA1373009BBAA2 /* Soccer-App.app */ = {isa = PBXFileReference; explicitFileType = wrapper.application; includeInIndex = 0; path = "Soccer-App.app"; sourceTree = BUILT_PRODUCTS_DIR; };
		1E4CE7DF1DEA1373009BBAA2 /* AppDelegate.swift */ = {isa = PBXFileReference; lastKnownFileType = sourcecode.swift; path = AppDelegate.swift; sourceTree = "<group>"; };
		1E4CE7E11DEA1373009BBAA2 /* UserViewController.swift */ = {isa = PBXFileReference; lastKnownFileType = sourcecode.swift; path = UserViewController.swift; sourceTree = "<group>"; };
		1E4CE7E41DEA1373009BBAA2 /* Base */ = {isa = PBXFileReference; lastKnownFileType = file.storyboard; name = Base; path = Base.lproj/Main.storyboard; sourceTree = "<group>"; };
		1E4CE7E71DEA1373009BBAA2 /* Soccer_App.xcdatamodel */ = {isa = PBXFileReference; lastKnownFileType = wrapper.xcdatamodel; path = Soccer_App.xcdatamodel; sourceTree = "<group>"; };
		1E4CE7E91DEA1373009BBAA2 /* Assets.xcassets */ = {isa = PBXFileReference; lastKnownFileType = folder.assetcatalog; path = Assets.xcassets; sourceTree = "<group>"; };
		1E4CE7EC1DEA1373009BBAA2 /* Base */ = {isa = PBXFileReference; lastKnownFileType = file.storyboard; name = Base; path = Base.lproj/LaunchScreen.storyboard; sourceTree = "<group>"; };
		1E4CE7EE1DEA1373009BBAA2 /* Info.plist */ = {isa = PBXFileReference; lastKnownFileType = text.plist.xml; path = Info.plist; sourceTree = "<group>"; };
		1E4CE7F41DEA27C7009BBAA2 /* GamesViewController.swift */ = {isa = PBXFileReference; fileEncoding = 4; lastKnownFileType = sourcecode.swift; path = GamesViewController.swift; sourceTree = "<group>"; };
		7B07856A1DEE8EF900E413F2 /* Game.swift */ = {isa = PBXFileReference; fileEncoding = 4; lastKnownFileType = sourcecode.swift; path = Game.swift; sourceTree = "<group>"; };
		7B07856C1DEE97D300E413F2 /* GamesDatabase.swift */ = {isa = PBXFileReference; fileEncoding = 4; lastKnownFileType = sourcecode.swift; path = GamesDatabase.swift; sourceTree = "<group>"; };
		7B07856E1DF2223D00E413F2 /* GameDetailViewController.swift */ = {isa = PBXFileReference; fileEncoding = 4; lastKnownFileType = sourcecode.swift; path = GameDetailViewController.swift; sourceTree = "<group>"; };
		7B0785701DF24C6D00E413F2 /* AddGameViewController.swift */ = {isa = PBXFileReference; fileEncoding = 4; lastKnownFileType = sourcecode.swift; path = AddGameViewController.swift; sourceTree = "<group>"; };
/* End PBXFileReference section */

/* Begin PBXFrameworksBuildPhase section */
		1E4CE7D91DEA1373009BBAA2 /* Frameworks */ = {
			isa = PBXFrameworksBuildPhase;
			buildActionMask = 2147483647;
			files = (
			);
			runOnlyForDeploymentPostprocessing = 0;
		};
/* End PBXFrameworksBuildPhase section */

/* Begin PBXGroup section */
		0E9F76831DF1E8A400B61F59 /* Images */ = {
			isa = PBXGroup;
			children = (
				0E9F76811DF1E89C00B61F59 /* blankPlayer.png */,
				0E9F767F1DF1DD7500B61F59 /* TabPlayersIcon.jpg */,
				0E9F767D1DF1D54C00B61F59 /* SoccerBackground.jpg */,
			);
			name = Images;
			sourceTree = "<group>";
		};
		1E4CE7D31DEA1373009BBAA2 = {
			isa = PBXGroup;
			children = (
				1E4CE7DE1DEA1373009BBAA2 /* Soccer-App */,
				1E4CE7DD1DEA1373009BBAA2 /* Products */,
			);
			sourceTree = "<group>";
		};
		1E4CE7DD1DEA1373009BBAA2 /* Products */ = {
			isa = PBXGroup;
			children = (
				1E4CE7DC1DEA1373009BBAA2 /* Soccer-App.app */,
			);
			name = Products;
			sourceTree = "<group>";
		};
		1E4CE7DE1DEA1373009BBAA2 /* Soccer-App */ = {
			isa = PBXGroup;
			children = (

				0E9F76831DF1E8A400B61F59 /* Images */,
				7B0785691DEE8EAD00E413F2 /* Model */,
				7B0785681DEE8E7200E413F2 /* Controllers */,
				1E4CE7DF1DEA1373009BBAA2 /* AppDelegate.swift */,
				1E4CE7E31DEA1373009BBAA2 /* Main.storyboard */,
				1E4CE7E91DEA1373009BBAA2 /* Assets.xcassets */,
				1E4CE7EB1DEA1373009BBAA2 /* LaunchScreen.storyboard */,
				1E4CE7EE1DEA1373009BBAA2 /* Info.plist */,
				1E4CE7E61DEA1373009BBAA2 /* Soccer_App.xcdatamodeld */,
			);
			path = "Soccer-App";
			sourceTree = "<group>";
		};
		7B0785681DEE8E7200E413F2 /* Controllers */ = {
			isa = PBXGroup;
			children = (
				7B07856E1DF2223D00E413F2 /* GameDetailViewController.swift */,
				1E4CE7E11DEA1373009BBAA2 /* UserViewController.swift */,
				1E4CE7F41DEA27C7009BBAA2 /* GamesViewController.swift */,
				7B0785701DF24C6D00E413F2 /* AddGameViewController.swift */,
			);
			name = Controllers;
			sourceTree = "<group>";
		};
		7B0785691DEE8EAD00E413F2 /* Model */ = {
			isa = PBXGroup;
			children = (
				7B07856A1DEE8EF900E413F2 /* Game.swift */,
				7B07856C1DEE97D300E413F2 /* GamesDatabase.swift */,
			);
			name = Model;
			sourceTree = "<group>";
		};
/* End PBXGroup section */

/* Begin PBXNativeTarget section */
		1E4CE7DB1DEA1373009BBAA2 /* Soccer-App */ = {
			isa = PBXNativeTarget;
			buildConfigurationList = 1E4CE7F11DEA1373009BBAA2 /* Build configuration list for PBXNativeTarget "Soccer-App" */;
			buildPhases = (
				1E4CE7D81DEA1373009BBAA2 /* Sources */,
				1E4CE7D91DEA1373009BBAA2 /* Frameworks */,
				1E4CE7DA1DEA1373009BBAA2 /* Resources */,
			);
			buildRules = (
			);
			dependencies = (
			);
			name = "Soccer-App";
			productName = "Soccer-App";
			productReference = 1E4CE7DC1DEA1373009BBAA2 /* Soccer-App.app */;
			productType = "com.apple.product-type.application";
		};
/* End PBXNativeTarget section */

/* Begin PBXProject section */
		1E4CE7D41DEA1373009BBAA2 /* Project object */ = {
			isa = PBXProject;
			attributes = {
				LastSwiftUpdateCheck = 0730;
				LastUpgradeCheck = 0730;
				ORGANIZATIONNAME = "luis daniel fonseca";
				TargetAttributes = {
					1E4CE7DB1DEA1373009BBAA2 = {
						CreatedOnToolsVersion = 7.3.1;
						DevelopmentTeam = W3SJDW426U;
					};
				};
			};
			buildConfigurationList = 1E4CE7D71DEA1373009BBAA2 /* Build configuration list for PBXProject "Soccer-App" */;
			compatibilityVersion = "Xcode 3.2";
			developmentRegion = English;
			hasScannedForEncodings = 0;
			knownRegions = (
				en,
				Base,
			);
			mainGroup = 1E4CE7D31DEA1373009BBAA2;
			productRefGroup = 1E4CE7DD1DEA1373009BBAA2 /* Products */;
			projectDirPath = "";
			projectRoot = "";
			targets = (
				1E4CE7DB1DEA1373009BBAA2 /* Soccer-App */,
			);
		};
/* End PBXProject section */

/* Begin PBXResourcesBuildPhase section */
		1E4CE7DA1DEA1373009BBAA2 /* Resources */ = {
			isa = PBXResourcesBuildPhase;
			buildActionMask = 2147483647;
			files = (
				0E9F76801DF1DD7500B61F59 /* TabPlayersIcon.jpg in Resources */,
				0E9F76821DF1E89C00B61F59 /* blankPlayer.png in Resources */,
				1E4CE7ED1DEA1373009BBAA2 /* LaunchScreen.storyboard in Resources */,
				1E4CE7EA1DEA1373009BBAA2 /* Assets.xcassets in Resources */,
				0E9F767E1DF1D54C00B61F59 /* SoccerBackground.jpg in Resources */,
				1E4CE7E51DEA1373009BBAA2 /* Main.storyboard in Resources */,
			);
			runOnlyForDeploymentPostprocessing = 0;
		};
/* End PBXResourcesBuildPhase section */

/* Begin PBXSourcesBuildPhase section */
		1E4CE7D81DEA1373009BBAA2 /* Sources */ = {
			isa = PBXSourcesBuildPhase;
			buildActionMask = 2147483647;
			files = (
				7B0785711DF24C6D00E413F2 /* AddGameViewController.swift in Sources */,
				7B07856F1DF2223D00E413F2 /* GameDetailViewController.swift in Sources */,
				1E4CE7F51DEA27C7009BBAA2 /* GamesViewController.swift in Sources */,
				7B07856B1DEE8EF900E413F2 /* Game.swift in Sources */,
				1E4CE7E21DEA1373009BBAA2 /* UserViewController.swift in Sources */,
				1E4CE7E01DEA1373009BBAA2 /* AppDelegate.swift in Sources */,
				7B07856D1DEE97D300E413F2 /* GamesDatabase.swift in Sources */,
				1E4CE7E81DEA1373009BBAA2 /* Soccer_App.xcdatamodeld in Sources */,
			);
			runOnlyForDeploymentPostprocessing = 0;
		};
/* End PBXSourcesBuildPhase section */

/* Begin PBXVariantGroup section */
		1E4CE7E31DEA1373009BBAA2 /* Main.storyboard */ = {
			isa = PBXVariantGroup;
			children = (
				1E4CE7E41DEA1373009BBAA2 /* Base */,
			);
			name = Main.storyboard;
			sourceTree = "<group>";
		};
		1E4CE7EB1DEA1373009BBAA2 /* LaunchScreen.storyboard */ = {
			isa = PBXVariantGroup;
			children = (
				1E4CE7EC1DEA1373009BBAA2 /* Base */,
			);
			name = LaunchScreen.storyboard;
			sourceTree = "<group>";
		};
/* End PBXVariantGroup section */

/* Begin XCBuildConfiguration section */
		1E4CE7EF1DEA1373009BBAA2 /* Debug */ = {
			isa = XCBuildConfiguration;
			buildSettings = {
				ALWAYS_SEARCH_USER_PATHS = NO;
				CLANG_ANALYZER_NONNULL = YES;
				CLANG_CXX_LANGUAGE_STANDARD = "gnu++0x";
				CLANG_CXX_LIBRARY = "libc++";
				CLANG_ENABLE_MODULES = YES;
				CLANG_ENABLE_OBJC_ARC = YES;
				CLANG_WARN_BOOL_CONVERSION = YES;
				CLANG_WARN_CONSTANT_CONVERSION = YES;
				CLANG_WARN_DIRECT_OBJC_ISA_USAGE = YES_ERROR;
				CLANG_WARN_EMPTY_BODY = YES;
				CLANG_WARN_ENUM_CONVERSION = YES;
				CLANG_WARN_INT_CONVERSION = YES;
				CLANG_WARN_OBJC_ROOT_CLASS = YES_ERROR;
				CLANG_WARN_UNREACHABLE_CODE = YES;
				CLANG_WARN__DUPLICATE_METHOD_MATCH = YES;
				"CODE_SIGN_IDENTITY[sdk=iphoneos*]" = "iPhone Developer";
				COPY_PHASE_STRIP = NO;
				DEBUG_INFORMATION_FORMAT = dwarf;
				ENABLE_STRICT_OBJC_MSGSEND = YES;
				ENABLE_TESTABILITY = YES;
				GCC_C_LANGUAGE_STANDARD = gnu99;
				GCC_DYNAMIC_NO_PIC = NO;
				GCC_NO_COMMON_BLOCKS = YES;
				GCC_OPTIMIZATION_LEVEL = 0;
				GCC_PREPROCESSOR_DEFINITIONS = (
					"DEBUG=1",
					"$(inherited)",
				);
				GCC_WARN_64_TO_32_BIT_CONVERSION = YES;
				GCC_WARN_ABOUT_RETURN_TYPE = YES_ERROR;
				GCC_WARN_UNDECLARED_SELECTOR = YES;
				GCC_WARN_UNINITIALIZED_AUTOS = YES_AGGRESSIVE;
				GCC_WARN_UNUSED_FUNCTION = YES;
				GCC_WARN_UNUSED_VARIABLE = YES;
				IPHONEOS_DEPLOYMENT_TARGET = 9.3;
				MTL_ENABLE_DEBUG_INFO = YES;
				ONLY_ACTIVE_ARCH = YES;
				SDKROOT = iphoneos;
				SWIFT_OPTIMIZATION_LEVEL = "-Onone";
			};
			name = Debug;
		};
		1E4CE7F01DEA1373009BBAA2 /* Release */ = {
			isa = XCBuildConfiguration;
			buildSettings = {
				ALWAYS_SEARCH_USER_PATHS = NO;
				CLANG_ANALYZER_NONNULL = YES;
				CLANG_CXX_LANGUAGE_STANDARD = "gnu++0x";
				CLANG_CXX_LIBRARY = "libc++";
				CLANG_ENABLE_MODULES = YES;
				CLANG_ENABLE_OBJC_ARC = YES;
				CLANG_WARN_BOOL_CONVERSION = YES;
				CLANG_WARN_CONSTANT_CONVERSION = YES;
				CLANG_WARN_DIRECT_OBJC_ISA_USAGE = YES_ERROR;
				CLANG_WARN_EMPTY_BODY = YES;
				CLANG_WARN_ENUM_CONVERSION = YES;
				CLANG_WARN_INT_CONVERSION = YES;
				CLANG_WARN_OBJC_ROOT_CLASS = YES_ERROR;
				CLANG_WARN_UNREACHABLE_CODE = YES;
				CLANG_WARN__DUPLICATE_METHOD_MATCH = YES;
				"CODE_SIGN_IDENTITY[sdk=iphoneos*]" = "iPhone Developer";
				COPY_PHASE_STRIP = NO;
				DEBUG_INFORMATION_FORMAT = "dwarf-with-dsym";
				ENABLE_NS_ASSERTIONS = NO;
				ENABLE_STRICT_OBJC_MSGSEND = YES;
				GCC_C_LANGUAGE_STANDARD = gnu99;
				GCC_NO_COMMON_BLOCKS = YES;
				GCC_WARN_64_TO_32_BIT_CONVERSION = YES;
				GCC_WARN_ABOUT_RETURN_TYPE = YES_ERROR;
				GCC_WARN_UNDECLARED_SELECTOR = YES;
				GCC_WARN_UNINITIALIZED_AUTOS = YES_AGGRESSIVE;
				GCC_WARN_UNUSED_FUNCTION = YES;
				GCC_WARN_UNUSED_VARIABLE = YES;
				IPHONEOS_DEPLOYMENT_TARGET = 9.3;
				MTL_ENABLE_DEBUG_INFO = NO;
				SDKROOT = iphoneos;
				VALIDATE_PRODUCT = YES;
			};
			name = Release;
		};
		1E4CE7F21DEA1373009BBAA2 /* Debug */ = {
			isa = XCBuildConfiguration;
			buildSettings = {
				ASSETCATALOG_COMPILER_APPICON_NAME = AppIcon;
				CODE_SIGN_IDENTITY = "iPhone Developer";
				"CODE_SIGN_IDENTITY[sdk=iphoneos*]" = "iPhone Developer";
				INFOPLIST_FILE = "Soccer-App/Info.plist";
				LD_RUNPATH_SEARCH_PATHS = "$(inherited) @executable_path/Frameworks";
				PRODUCT_BUNDLE_IDENTIFIER = "com.ldf.Soccer-App";
				PRODUCT_NAME = "$(TARGET_NAME)";
				PROVISIONING_PROFILE = "";
			};
			name = Debug;
		};
		1E4CE7F31DEA1373009BBAA2 /* Release */ = {
			isa = XCBuildConfiguration;
			buildSettings = {
				ASSETCATALOG_COMPILER_APPICON_NAME = AppIcon;
				CODE_SIGN_IDENTITY = "iPhone Developer";
				"CODE_SIGN_IDENTITY[sdk=iphoneos*]" = "iPhone Developer";
				INFOPLIST_FILE = "Soccer-App/Info.plist";
				LD_RUNPATH_SEARCH_PATHS = "$(inherited) @executable_path/Frameworks";
				PRODUCT_BUNDLE_IDENTIFIER = "com.ldf.Soccer-App";
				PRODUCT_NAME = "$(TARGET_NAME)";
				PROVISIONING_PROFILE = "";
			};
			name = Release;
		};
/* End XCBuildConfiguration section */

/* Begin XCConfigurationList section */
		1E4CE7D71DEA1373009BBAA2 /* Build configuration list for PBXProject "Soccer-App" */ = {
			isa = XCConfigurationList;
			buildConfigurations = (
				1E4CE7EF1DEA1373009BBAA2 /* Debug */,
				1E4CE7F01DEA1373009BBAA2 /* Release */,
			);
			defaultConfigurationIsVisible = 0;
			defaultConfigurationName = Release;
		};
		1E4CE7F11DEA1373009BBAA2 /* Build configuration list for PBXNativeTarget "Soccer-App" */ = {
			isa = XCConfigurationList;
			buildConfigurations = (
				1E4CE7F21DEA1373009BBAA2 /* Debug */,
				1E4CE7F31DEA1373009BBAA2 /* Release */,
			);
			defaultConfigurationIsVisible = 0;
			defaultConfigurationName = Release;
		};
/* End XCConfigurationList section */

/* Begin XCVersionGroup section */
		1E4CE7E61DEA1373009BBAA2 /* Soccer_App.xcdatamodeld */ = {
			isa = XCVersionGroup;
			children = (
				1E4CE7E71DEA1373009BBAA2 /* Soccer_App.xcdatamodel */,
			);
			currentVersion = 1E4CE7E71DEA1373009BBAA2 /* Soccer_App.xcdatamodel */;
			path = Soccer_App.xcdatamodeld;
			sourceTree = "<group>";
			versionGroupType = wrapper.xcdatamodel;
		};
/* End XCVersionGroup section */
	};
	rootObject = 1E4CE7D41DEA1373009BBAA2 /* Project object */;
}
